
Microsoft Visual Studio Solution File, Format Version 12.00
# Visual Studio Version 17
VisualStudioVersion = 17.12.35707.178
MinimumVisualStudioVersion = 10.0.40219.1
Project("{FAE04EC0-301F-11D3-BF4B-00C04F79EFBC}") = "ABC.Core", "ABC.Core\ABC.Core.csproj", "{91A909A9-5D55-4F9C-BCC5-45E2E2362261}"
EndProject
Project("{FAE04EC0-301F-11D3-BF4B-00C04F79EFBC}") = "ABC.Entity", "ABC.Entity\ABC.Entity.csproj", "{37E7AF81-A6DB-422A-B50B-8BD449DF4BF3}"
EndProject
Project("{FAE04EC0-301F-11D3-BF4B-00C04F79EFBC}") = "ABC.DataAccess", "ABC.DataAccess\ABC.DataAccess.csproj", "{A49D88E2-B725-4D70-A3AD-04AC4621AB42}"
EndProject
Project("{FAE04EC0-301F-11D3-BF4B-00C04F79EFBC}") = "ABC.DTO", "ABC.DTO\ABC.DTO.csproj", "{5B88C06C-58B2-47F6-9147-A9E599B08400}"
EndProject
Project("{FAE04EC0-301F-11D3-BF4B-00C04F79EFBC}") = "ABC.Mapping", "ABC.Mapping\ABC.Mapping.csproj", "{8A7B98F7-0B1C-4482-B5EC-59D02870B436}"
EndProject
Project("{FAE04EC0-301F-11D3-BF4B-00C04F79EFBC}") = "ABC.Repositories", "ABC.Repositories\ABC.Repositories.csproj", "{40CF72C8-880B-4297-AA10-A6D4952531E4}"
EndProject
Project("{FAE04EC0-301F-11D3-BF4B-00C04F79EFBC}") = "ABC.WebUI", "ABC.WebUI\ABC.WebUI.csproj", "{1F006B2C-226A-4111-BDC2-458D3C552C8D}"
EndProject
Global
	GlobalSection(SolutionConfigurationPlatforms) = preSolution
		Debug|Any CPU = Debug|Any CPU
		Release|Any CPU = Release|Any CPU
	EndGlobalSection
	GlobalSection(ProjectConfigurationPlatforms) = postSolution
		{91A909A9-5D55-4F9C-BCC5-45E2E2362261}.Debug|Any CPU.ActiveCfg = Debug|Any CPU
		{91A909A9-5D55-4F9C-BCC5-45E2E2362261}.Debug|Any CPU.Build.0 = Debug|Any CPU
		{91A909A9-5D55-4F9C-BCC5-45E2E2362261}.Release|Any CPU.ActiveCfg = Release|Any CPU
		{91A909A9-5D55-4F9C-BCC5-45E2E2362261}.Release|Any CPU.Build.0 = Release|Any CPU
		{37E7AF81-A6DB-422A-B50B-8BD449DF4BF3}.Debug|Any CPU.ActiveCfg = Debug|Any CPU
		{37E7AF81-A6DB-422A-B50B-8BD449DF4BF3}.Debug|Any CPU.Build.0 = Debug|Any CPU
		{37E7AF81-A6DB-422A-B50B-8BD449DF4BF3}.Release|Any CPU.ActiveCfg = Release|Any CPU
		{37E7AF81-A6DB-422A-B50B-8BD449DF4BF3}.Release|Any CPU.Build.0 = Release|Any CPU
		{A49D88E2-B725-4D70-A3AD-04AC4621AB42}.Debug|Any CPU.ActiveCfg = Debug|Any CPU
		{A49D88E2-B725-4D70-A3AD-04AC4621AB42}.Debug|Any CPU.Build.0 = Debug|Any CPU
		{A49D88E2-B725-4D70-A3AD-04AC4621AB42}.Release|Any CPU.ActiveCfg = Release|Any CPU
		{A49D88E2-B725-4D70-A3AD-04AC4621AB42}.Release|Any CPU.Build.0 = Release|Any CPU
		{5B88C06C-58B2-47F6-9147-A9E599B08400}.Debug|Any CPU.ActiveCfg = Debug|Any CPU
		{5B88C06C-58B2-47F6-9147-A9E599B08400}.Debug|Any CPU.Build.0 = Debug|Any CPU
		{5B88C06C-58B2-47F6-9147-A9E599B08400}.Release|Any CPU.ActiveCfg = Release|Any CPU
		{5B88C06C-58B2-47F6-9147-A9E599B08400}.Release|Any CPU.Build.0 = Release|Any CPU
		{8A7B98F7-0B1C-4482-B5EC-59D02870B436}.Debug|Any CPU.ActiveCfg = Debug|Any CPU
		{8A7B98F7-0B1C-4482-B5EC-59D02870B436}.Debug|Any CPU.Build.0 = Debug|Any CPU
		{8A7B98F7-0B1C-4482-B5EC-59D02870B436}.Release|Any CPU.ActiveCfg = Release|Any CPU
		{8A7B98F7-0B1C-4482-B5EC-59D02870B436}.Release|Any CPU.Build.0 = Release|Any CPU
		{40CF72C8-880B-4297-AA10-A6D4952531E4}.Debug|Any CPU.ActiveCfg = Debug|Any CPU
		{40CF72C8-880B-4297-AA10-A6D4952531E4}.Debug|Any CPU.Build.0 = Debug|Any CPU
		{40CF72C8-880B-4297-AA10-A6D4952531E4}.Release|Any CPU.ActiveCfg = Release|Any CPU
		{40CF72C8-880B-4297-AA10-A6D4952531E4}.Release|Any CPU.Build.0 = Release|Any CPU
		{1F006B2C-226A-4111-BDC2-458D3C552C8D}.Debug|Any CPU.ActiveCfg = Debug|Any CPU
		{1F006B2C-226A-4111-BDC2-458D3C552C8D}.Debug|Any CPU.Build.0 = Debug|Any CPU
		{1F006B2C-226A-4111-BDC2-458D3C552C8D}.Release|Any CPU.ActiveCfg = Release|Any CPU
		{1F006B2C-226A-4111-BDC2-458D3C552C8D}.Release|Any CPU.Build.0 = Release|Any CPU
	EndGlobalSection
	GlobalSection(SolutionProperties) = preSolution
		HideSolutionNode = FALSE
	EndGlobalSection
EndGlobal
